// !$*UTF8*$!
{
	archiveVersion = 1;
	classes = {
	};
	objectVersion = 46;
	objects = {

/* Begin PBXBuildFile section */
		1AC443E731A5A284CD12BFA4 /* Pods_InTheSun.framework in Frameworks */ = {isa = PBXBuildFile; fileRef = 08BA08A4973517418B0A2CFF /* Pods_InTheSun.framework */; };
		9F041A1C1C8C8C580092CBAC /* AMAlbumInfoVC.m in Sources */ = {isa = PBXBuildFile; fileRef = 9F041A1A1C8C8C580092CBAC /* AMAlbumInfoVC.m */; };
		9F041A1D1C8C8C580092CBAC /* AMAlbumInfoVC.xib in Resources */ = {isa = PBXBuildFile; fileRef = 9F041A1B1C8C8C580092CBAC /* AMAlbumInfoVC.xib */; };
		9F041A221C8C8F280092CBAC /* EventsVC.m in Sources */ = {isa = PBXBuildFile; fileRef = 9F041A201C8C8F280092CBAC /* EventsVC.m */; };
		9F041A231C8C8F280092CBAC /* EventsVC.xib in Resources */ = {isa = PBXBuildFile; fileRef = 9F041A211C8C8F280092CBAC /* EventsVC.xib */; };
		9F1DED801CB00C8F0051A63F /* Defines.m in Sources */ = {isa = PBXBuildFile; fileRef = 9F1DED7F1CB00C8F0051A63F /* Defines.m */; };
		9F2DCBDE1CB159DC00F70799 /* AMMusicViewController~ipad.xib in Resources */ = {isa = PBXBuildFile; fileRef = 9F2DCBDD1CB159DC00F70799 /* AMMusicViewController~ipad.xib */; };
		9F4BD2801C944D13009E5DCC /* AMEventCell.m in Sources */ = {isa = PBXBuildFile; fileRef = 9F4BD27E1C944D13009E5DCC /* AMEventCell.m */; };
		9F4BD2811C944D13009E5DCC /* AMEventCell.xib in Resources */ = {isa = PBXBuildFile; fileRef = 9F4BD27F1C944D13009E5DCC /* AMEventCell.xib */; };
		9F4BD2841C945155009E5DCC /* AMEvent.m in Sources */ = {isa = PBXBuildFile; fileRef = 9F4BD2831C945155009E5DCC /* AMEvent.m */; };
		9F81E05C1C8B08D6003FA920 /* SoundCloudFacade.swift in Sources */ = {isa = PBXBuildFile; fileRef = 9F81E05B1C8B08D6003FA920 /* SoundCloudFacade.swift */; };
		9F8454F01C94668300AA7B90 /* AMFacebookEventsHelper.m in Sources */ = {isa = PBXBuildFile; fileRef = 9F8454EF1C94668300AA7B90 /* AMFacebookEventsHelper.m */; };
		9F8454F41C95C5BC00AA7B90 /* AMStringUtils.m in Sources */ = {isa = PBXBuildFile; fileRef = 9F8454F31C95C5BC00AA7B90 /* AMStringUtils.m */; };
		9F8454F81C95C94C00AA7B90 /* AMSongCell.swift in Sources */ = {isa = PBXBuildFile; fileRef = 9F8454F61C95C94C00AA7B90 /* AMSongCell.swift */; };
		9F8454F91C95C94C00AA7B90 /* AMSongCell.xib in Resources */ = {isa = PBXBuildFile; fileRef = 9F8454F71C95C94C00AA7B90 /* AMSongCell.xib */; };
		9FADBCD51C65FBDC00562B13 /* main.m in Sources */ = {isa = PBXBuildFile; fileRef = 9FADBCD41C65FBDC00562B13 /* main.m */; };
		9FADBCD81C65FBDC00562B13 /* AppDelegate.m in Sources */ = {isa = PBXBuildFile; fileRef = 9FADBCD71C65FBDC00562B13 /* AppDelegate.m */; };
		9FADBCDE1C65FBDC00562B13 /* SecondViewController.m in Sources */ = {isa = PBXBuildFile; fileRef = 9FADBCDD1C65FBDC00562B13 /* SecondViewController.m */; };
		9FADBCE31C65FBDC00562B13 /* Assets.xcassets in Resources */ = {isa = PBXBuildFile; fileRef = 9FADBCE21C65FBDC00562B13 /* Assets.xcassets */; };
		9FADBCFF1C66141C00562B13 /* AMBlockingScreenVC.m in Sources */ = {isa = PBXBuildFile; fileRef = 9FADBCFD1C66141C00562B13 /* AMBlockingScreenVC.m */; };
		9FADBD001C66141C00562B13 /* AMBlockingScreenVC.xib in Resources */ = {isa = PBXBuildFile; fileRef = 9FADBCFE1C66141C00562B13 /* AMBlockingScreenVC.xib */; };
		9FADBD061C66435000562B13 /* MediaPlayer.framework in Frameworks */ = {isa = PBXBuildFile; fileRef = 9FADBD051C66435000562B13 /* MediaPlayer.framework */; };
		9FADBD0A1C67B07E00562B13 /* AMImageProcessor.m in Sources */ = {isa = PBXBuildFile; fileRef = 9FADBD091C67B07E00562B13 /* AMImageProcessor.m */; };
		9FBEFA9B1C69011100821123 /* AMImageProcessorTests.m in Sources */ = {isa = PBXBuildFile; fileRef = 9FBEFA9A1C69011100821123 /* AMImageProcessorTests.m */; };
		9FBEFAA11C6901F000821123 /* dark1.jpeg in Resources */ = {isa = PBXBuildFile; fileRef = 9FBEFA9D1C6901F000821123 /* dark1.jpeg */; };
		9FBEFAA21C6901F000821123 /* dark2.jpeg in Resources */ = {isa = PBXBuildFile; fileRef = 9FBEFA9E1C6901F000821123 /* dark2.jpeg */; };
		9FBEFAA31C6901F000821123 /* sunny1.jpeg in Resources */ = {isa = PBXBuildFile; fileRef = 9FBEFA9F1C6901F000821123 /* sunny1.jpeg */; };
		9FBEFAA41C6901F000821123 /* sunny2.jpeg in Resources */ = {isa = PBXBuildFile; fileRef = 9FBEFAA01C6901F000821123 /* sunny2.jpeg */; };
		9FCE57DC1C98991D0080DC9B /* AMMusicViewController.swift in Sources */ = {isa = PBXBuildFile; fileRef = 9FCE57DA1C98991D0080DC9B /* AMMusicViewController.swift */; };
		9FCE57DD1C98991D0080DC9B /* AMMusicViewController.xib in Resources */ = {isa = PBXBuildFile; fileRef = 9FCE57DB1C98991D0080DC9B /* AMMusicViewController.xib */; };
		9FD4F62A1C81CF39004A0734 /* AMTabMenuVC.m in Sources */ = {isa = PBXBuildFile; fileRef = 9FD4F6281C81CF39004A0734 /* AMTabMenuVC.m */; };
		9FD4F62B1C81CF39004A0734 /* AMTabMenuVC.xib in Resources */ = {isa = PBXBuildFile; fileRef = 9FD4F6291C81CF39004A0734 /* AMTabMenuVC.xib */; };
		9FD4F62F1C81EED8004A0734 /* SecondViewController.xib in Resources */ = {isa = PBXBuildFile; fileRef = 9FD4F62E1C81EED8004A0734 /* SecondViewController.xib */; };
		9FEEC49C1CB58EBD00613361 /* AMInfoItemCell.m in Sources */ = {isa = PBXBuildFile; fileRef = 9FEEC49A1CB58EBD00613361 /* AMInfoItemCell.m */; };
		9FEEC49D1CB58EBD00613361 /* AMInfoItemCell.xib in Resources */ = {isa = PBXBuildFile; fileRef = 9FEEC49B1CB58EBD00613361 /* AMInfoItemCell.xib */; };
		9FEEC4A01CB59E0C00613361 /* AMAlbumInfoItem.m in Sources */ = {isa = PBXBuildFile; fileRef = 9FEEC49F1CB59E0C00613361 /* AMAlbumInfoItem.m */; };
		9FEEC4A71CB6CA4700613361 /* AMAlbumInfoItemsManager.m in Sources */ = {isa = PBXBuildFile; fileRef = 9FEEC4A61CB6CA4700613361 /* AMAlbumInfoItemsManager.m */; };
		9FEEC4AA1CBA50BA00613361 /* AMMusicFooterView.m in Sources */ = {isa = PBXBuildFile; fileRef = 9FEEC4A91CBA50BA00613361 /* AMMusicFooterView.m */; };
		9FEEC4AC1CBA545000613361 /* AMMusicFooterView.xib in Resources */ = {isa = PBXBuildFile; fileRef = 9FEEC4AB1CBA545000613361 /* AMMusicFooterView.xib */; };
		9FEEC4AE1CBA71D400613361 /* AMAlbumInfoVC~ipad.xib in Resources */ = {isa = PBXBuildFile; fileRef = 9FEEC4AD1CBA71D400613361 /* AMAlbumInfoVC~ipad.xib */; };
		9FEFE0551CA69D3D00F413B1 /* overlay.png in Resources */ = {isa = PBXBuildFile; fileRef = 9FEFE0541CA69D3D00F413B1 /* overlay.png */; };
		9FEFE07F1CA6FAE000F413B1 /* OpenCVWrapper.mm in Sources */ = {isa = PBXBuildFile; fileRef = 9FEFE07C1CA6FAE000F413B1 /* OpenCVWrapper.mm */; };
		9FEFE0801CA6FAE000F413B1 /* UIImage+OpenCV.mm in Sources */ = {isa = PBXBuildFile; fileRef = 9FEFE07E1CA6FAE000F413B1 /* UIImage+OpenCV.mm */; };
		9FEFE0821CA85DFB00F413B1 /* sunny3.jpeg in Resources */ = {isa = PBXBuildFile; fileRef = 9FEFE0811CA85DFB00F413B1 /* sunny3.jpeg */; };
		9FEFE08D1CA98DC000F413B1 /* UIView+IBInspectable.m in Sources */ = {isa = PBXBuildFile; fileRef = 9FEFE08C1CA98DC000F413B1 /* UIView+IBInspectable.m */; };
		9FEFE0901CA98F9C00F413B1 /* Localizable.strings in Resources */ = {isa = PBXBuildFile; fileRef = 9FEFE0921CA98F9C00F413B1 /* Localizable.strings */; };
		9FEFE0971CA9947500F413B1 /* AMEventsHeader.m in Sources */ = {isa = PBXBuildFile; fileRef = 9FEFE0961CA9947500F413B1 /* AMEventsHeader.m */; };
		9FEFE0991CA9948300F413B1 /* AMEventsHeader.xib in Resources */ = {isa = PBXBuildFile; fileRef = 9FEFE0981CA9948300F413B1 /* AMEventsHeader.xib */; };
/* End PBXBuildFile section */

/* Begin PBXContainerItemProxy section */
		9FADBCED1C65FBDC00562B13 /* PBXContainerItemProxy */ = {
			isa = PBXContainerItemProxy;
			containerPortal = 9FADBCC81C65FBDC00562B13 /* Project object */;
			proxyType = 1;
			remoteGlobalIDString = 9FADBCCF1C65FBDC00562B13;
			remoteInfo = InTheSun;
		};
/* End PBXContainerItemProxy section */

/* Begin PBXFileReference section */
		08BA08A4973517418B0A2CFF /* Pods_InTheSun.framework */ = {isa = PBXFileReference; explicitFileType = wrapper.framework; includeInIndex = 0; path = Pods_InTheSun.framework; sourceTree = BUILT_PRODUCTS_DIR; };
		9F041A191C8C8C580092CBAC /* AMAlbumInfoVC.h */ = {isa = PBXFileReference; fileEncoding = 4; lastKnownFileType = sourcecode.c.h; path = AMAlbumInfoVC.h; sourceTree = "<group>"; };
		9F041A1A1C8C8C580092CBAC /* AMAlbumInfoVC.m */ = {isa = PBXFileReference; fileEncoding = 4; lastKnownFileType = sourcecode.c.objc; path = AMAlbumInfoVC.m; sourceTree = "<group>"; };
		9F041A1B1C8C8C580092CBAC /* AMAlbumInfoVC.xib */ = {isa = PBXFileReference; fileEncoding = 4; lastKnownFileType = file.xib; path = AMAlbumInfoVC.xib; sourceTree = "<group>"; };
		9F041A1F1C8C8F280092CBAC /* EventsVC.h */ = {isa = PBXFileReference; fileEncoding = 4; lastKnownFileType = sourcecode.c.h; path = EventsVC.h; sourceTree = "<group>"; };
		9F041A201C8C8F280092CBAC /* EventsVC.m */ = {isa = PBXFileReference; fileEncoding = 4; lastKnownFileType = sourcecode.c.objc; path = EventsVC.m; sourceTree = "<group>"; };
		9F041A211C8C8F280092CBAC /* EventsVC.xib */ = {isa = PBXFileReference; fileEncoding = 4; lastKnownFileType = file.xib; path = EventsVC.xib; sourceTree = "<group>"; };
		9F1DED7E1CB00C8F0051A63F /* Defines.h */ = {isa = PBXFileReference; fileEncoding = 4; lastKnownFileType = sourcecode.c.h; path = Defines.h; sourceTree = "<group>"; };
		9F1DED7F1CB00C8F0051A63F /* Defines.m */ = {isa = PBXFileReference; fileEncoding = 4; lastKnownFileType = sourcecode.c.objc; path = Defines.m; sourceTree = "<group>"; };
		9F2DCBDD1CB159DC00F70799 /* AMMusicViewController~ipad.xib */ = {isa = PBXFileReference; fileEncoding = 4; lastKnownFileType = file.xib; path = "AMMusicViewController~ipad.xib"; sourceTree = "<group>"; };
		9F4BD27D1C944D13009E5DCC /* AMEventCell.h */ = {isa = PBXFileReference; fileEncoding = 4; lastKnownFileType = sourcecode.c.h; path = AMEventCell.h; sourceTree = "<group>"; };
		9F4BD27E1C944D13009E5DCC /* AMEventCell.m */ = {isa = PBXFileReference; fileEncoding = 4; lastKnownFileType = sourcecode.c.objc; path = AMEventCell.m; sourceTree = "<group>"; };
		9F4BD27F1C944D13009E5DCC /* AMEventCell.xib */ = {isa = PBXFileReference; fileEncoding = 4; lastKnownFileType = file.xib; path = AMEventCell.xib; sourceTree = "<group>"; };
		9F4BD2821C945155009E5DCC /* AMEvent.h */ = {isa = PBXFileReference; fileEncoding = 4; lastKnownFileType = sourcecode.c.h; path = AMEvent.h; sourceTree = "<group>"; };
		9F4BD2831C945155009E5DCC /* AMEvent.m */ = {isa = PBXFileReference; fileEncoding = 4; lastKnownFileType = sourcecode.c.objc; path = AMEvent.m; sourceTree = "<group>"; };
		9F81E05B1C8B08D6003FA920 /* SoundCloudFacade.swift */ = {isa = PBXFileReference; fileEncoding = 4; lastKnownFileType = sourcecode.swift; path = SoundCloudFacade.swift; sourceTree = "<group>"; };
		9F81E05F1C8B0A37003FA920 /* InTheSun-Bridging-Header.h */ = {isa = PBXFileReference; lastKnownFileType = sourcecode.c.h; path = "InTheSun-Bridging-Header.h"; sourceTree = "<group>"; };
		9F8454EE1C94668300AA7B90 /* AMFacebookEventsHelper.h */ = {isa = PBXFileReference; fileEncoding = 4; lastKnownFileType = sourcecode.c.h; path = AMFacebookEventsHelper.h; sourceTree = "<group>"; };
		9F8454EF1C94668300AA7B90 /* AMFacebookEventsHelper.m */ = {isa = PBXFileReference; fileEncoding = 4; lastKnownFileType = sourcecode.c.objc; path = AMFacebookEventsHelper.m; sourceTree = "<group>"; };
		9F8454F21C95C5BC00AA7B90 /* AMStringUtils.h */ = {isa = PBXFileReference; fileEncoding = 4; lastKnownFileType = sourcecode.c.h; path = AMStringUtils.h; sourceTree = "<group>"; };
		9F8454F31C95C5BC00AA7B90 /* AMStringUtils.m */ = {isa = PBXFileReference; fileEncoding = 4; lastKnownFileType = sourcecode.c.objc; path = AMStringUtils.m; sourceTree = "<group>"; };
		9F8454F61C95C94C00AA7B90 /* AMSongCell.swift */ = {isa = PBXFileReference; fileEncoding = 4; lastKnownFileType = sourcecode.swift; path = AMSongCell.swift; sourceTree = "<group>"; };
		9F8454F71C95C94C00AA7B90 /* AMSongCell.xib */ = {isa = PBXFileReference; fileEncoding = 4; lastKnownFileType = file.xib; path = AMSongCell.xib; sourceTree = "<group>"; };
		9FADBCD01C65FBDC00562B13 /* InTheSun.app */ = {isa = PBXFileReference; explicitFileType = wrapper.application; includeInIndex = 0; path = InTheSun.app; sourceTree = BUILT_PRODUCTS_DIR; };
		9FADBCD41C65FBDC00562B13 /* main.m */ = {isa = PBXFileReference; lastKnownFileType = sourcecode.c.objc; path = main.m; sourceTree = "<group>"; };
		9FADBCD61C65FBDC00562B13 /* AppDelegate.h */ = {isa = PBXFileReference; lastKnownFileType = sourcecode.c.h; path = AppDelegate.h; sourceTree = "<group>"; };
		9FADBCD71C65FBDC00562B13 /* AppDelegate.m */ = {isa = PBXFileReference; lastKnownFileType = sourcecode.c.objc; path = AppDelegate.m; sourceTree = "<group>"; };
		9FADBCDC1C65FBDC00562B13 /* SecondViewController.h */ = {isa = PBXFileReference; lastKnownFileType = sourcecode.c.h; path = SecondViewController.h; sourceTree = "<group>"; };
		9FADBCDD1C65FBDC00562B13 /* SecondViewController.m */ = {isa = PBXFileReference; lastKnownFileType = sourcecode.c.objc; path = SecondViewController.m; sourceTree = "<group>"; };
		9FADBCE21C65FBDC00562B13 /* Assets.xcassets */ = {isa = PBXFileReference; lastKnownFileType = folder.assetcatalog; path = Assets.xcassets; sourceTree = "<group>"; };
		9FADBCE71C65FBDC00562B13 /* Info.plist */ = {isa = PBXFileReference; lastKnownFileType = text.plist.xml; path = Info.plist; sourceTree = "<group>"; };
		9FADBCEC1C65FBDC00562B13 /* InTheSunTests.xctest */ = {isa = PBXFileReference; explicitFileType = wrapper.cfbundle; includeInIndex = 0; path = InTheSunTests.xctest; sourceTree = BUILT_PRODUCTS_DIR; };
		9FADBCF21C65FBDC00562B13 /* Info.plist */ = {isa = PBXFileReference; lastKnownFileType = text.plist.xml; path = Info.plist; sourceTree = "<group>"; };
		9FADBCFC1C66141C00562B13 /* AMBlockingScreenVC.h */ = {isa = PBXFileReference; fileEncoding = 4; lastKnownFileType = sourcecode.c.h; path = AMBlockingScreenVC.h; sourceTree = "<group>"; };
		9FADBCFD1C66141C00562B13 /* AMBlockingScreenVC.m */ = {isa = PBXFileReference; fileEncoding = 4; lastKnownFileType = sourcecode.c.objc; path = AMBlockingScreenVC.m; sourceTree = "<group>"; };
		9FADBCFE1C66141C00562B13 /* AMBlockingScreenVC.xib */ = {isa = PBXFileReference; fileEncoding = 4; lastKnownFileType = file.xib; path = AMBlockingScreenVC.xib; sourceTree = "<group>"; };
		9FADBD051C66435000562B13 /* MediaPlayer.framework */ = {isa = PBXFileReference; lastKnownFileType = wrapper.framework; name = MediaPlayer.framework; path = System/Library/Frameworks/MediaPlayer.framework; sourceTree = SDKROOT; };
		9FADBD081C67B07E00562B13 /* AMImageProcessor.h */ = {isa = PBXFileReference; fileEncoding = 4; lastKnownFileType = sourcecode.c.h; path = AMImageProcessor.h; sourceTree = "<group>"; };
		9FADBD091C67B07E00562B13 /* AMImageProcessor.m */ = {isa = PBXFileReference; fileEncoding = 4; lastKnownFileType = sourcecode.c.objc; path = AMImageProcessor.m; sourceTree = "<group>"; };
		9FBEFA9A1C69011100821123 /* AMImageProcessorTests.m */ = {isa = PBXFileReference; fileEncoding = 4; lastKnownFileType = sourcecode.c.objc; path = AMImageProcessorTests.m; sourceTree = "<group>"; };
		9FBEFA9D1C6901F000821123 /* dark1.jpeg */ = {isa = PBXFileReference; lastKnownFileType = image.jpeg; path = dark1.jpeg; sourceTree = "<group>"; };
		9FBEFA9E1C6901F000821123 /* dark2.jpeg */ = {isa = PBXFileReference; lastKnownFileType = image.jpeg; path = dark2.jpeg; sourceTree = "<group>"; };
		9FBEFA9F1C6901F000821123 /* sunny1.jpeg */ = {isa = PBXFileReference; lastKnownFileType = image.jpeg; path = sunny1.jpeg; sourceTree = "<group>"; };
		9FBEFAA01C6901F000821123 /* sunny2.jpeg */ = {isa = PBXFileReference; lastKnownFileType = image.jpeg; path = sunny2.jpeg; sourceTree = "<group>"; };
		9FCE57DA1C98991D0080DC9B /* AMMusicViewController.swift */ = {isa = PBXFileReference; fileEncoding = 4; lastKnownFileType = sourcecode.swift; path = AMMusicViewController.swift; sourceTree = "<group>"; };
		9FCE57DB1C98991D0080DC9B /* AMMusicViewController.xib */ = {isa = PBXFileReference; fileEncoding = 4; lastKnownFileType = file.xib; path = AMMusicViewController.xib; sourceTree = "<group>"; };
		9FD4F6271C81CF39004A0734 /* AMTabMenuVC.h */ = {isa = PBXFileReference; fileEncoding = 4; lastKnownFileType = sourcecode.c.h; path = AMTabMenuVC.h; sourceTree = "<group>"; };
		9FD4F6281C81CF39004A0734 /* AMTabMenuVC.m */ = {isa = PBXFileReference; fileEncoding = 4; lastKnownFileType = sourcecode.c.objc; path = AMTabMenuVC.m; sourceTree = "<group>"; };
		9FD4F6291C81CF39004A0734 /* AMTabMenuVC.xib */ = {isa = PBXFileReference; fileEncoding = 4; lastKnownFileType = file.xib; path = AMTabMenuVC.xib; sourceTree = "<group>"; };
		9FD4F62E1C81EED8004A0734 /* SecondViewController.xib */ = {isa = PBXFileReference; fileEncoding = 4; lastKnownFileType = file.xib; path = SecondViewController.xib; sourceTree = "<group>"; };
		9FEEC4991CB58EBD00613361 /* AMInfoItemCell.h */ = {isa = PBXFileReference; fileEncoding = 4; lastKnownFileType = sourcecode.c.h; path = AMInfoItemCell.h; sourceTree = "<group>"; };
		9FEEC49A1CB58EBD00613361 /* AMInfoItemCell.m */ = {isa = PBXFileReference; fileEncoding = 4; lastKnownFileType = sourcecode.c.objc; path = AMInfoItemCell.m; sourceTree = "<group>"; };
		9FEEC49B1CB58EBD00613361 /* AMInfoItemCell.xib */ = {isa = PBXFileReference; fileEncoding = 4; lastKnownFileType = file.xib; path = AMInfoItemCell.xib; sourceTree = "<group>"; };
		9FEEC49E1CB59E0C00613361 /* AMAlbumInfoItem.h */ = {isa = PBXFileReference; fileEncoding = 4; lastKnownFileType = sourcecode.c.h; path = AMAlbumInfoItem.h; sourceTree = "<group>"; };
		9FEEC49F1CB59E0C00613361 /* AMAlbumInfoItem.m */ = {isa = PBXFileReference; fileEncoding = 4; lastKnownFileType = sourcecode.c.objc; path = AMAlbumInfoItem.m; sourceTree = "<group>"; };
		9FEEC4A51CB6CA4700613361 /* AMAlbumInfoItemsManager.h */ = {isa = PBXFileReference; fileEncoding = 4; lastKnownFileType = sourcecode.c.h; path = AMAlbumInfoItemsManager.h; sourceTree = "<group>"; };
		9FEEC4A61CB6CA4700613361 /* AMAlbumInfoItemsManager.m */ = {isa = PBXFileReference; fileEncoding = 4; lastKnownFileType = sourcecode.c.objc; path = AMAlbumInfoItemsManager.m; sourceTree = "<group>"; };
		9FEEC4A81CBA50BA00613361 /* AMMusicFooterView.h */ = {isa = PBXFileReference; fileEncoding = 4; lastKnownFileType = sourcecode.c.h; path = AMMusicFooterView.h; sourceTree = "<group>"; };
		9FEEC4A91CBA50BA00613361 /* AMMusicFooterView.m */ = {isa = PBXFileReference; fileEncoding = 4; lastKnownFileType = sourcecode.c.objc; path = AMMusicFooterView.m; sourceTree = "<group>"; };
		9FEEC4AB1CBA545000613361 /* AMMusicFooterView.xib */ = {isa = PBXFileReference; fileEncoding = 4; lastKnownFileType = file.xib; path = AMMusicFooterView.xib; sourceTree = "<group>"; };
		9FEEC4AD1CBA71D400613361 /* AMAlbumInfoVC~ipad.xib */ = {isa = PBXFileReference; fileEncoding = 4; lastKnownFileType = file.xib; path = "AMAlbumInfoVC~ipad.xib"; sourceTree = "<group>"; };
		9FEFE0541CA69D3D00F413B1 /* overlay.png */ = {isa = PBXFileReference; lastKnownFileType = image.png; path = overlay.png; sourceTree = "<group>"; };
		9FEFE07B1CA6FAE000F413B1 /* OpenCVWrapper.h */ = {isa = PBXFileReference; fileEncoding = 4; lastKnownFileType = sourcecode.c.h; path = OpenCVWrapper.h; sourceTree = "<group>"; };
		9FEFE07C1CA6FAE000F413B1 /* OpenCVWrapper.mm */ = {isa = PBXFileReference; fileEncoding = 4; lastKnownFileType = sourcecode.cpp.objcpp; path = OpenCVWrapper.mm; sourceTree = "<group>"; };
		9FEFE07D1CA6FAE000F413B1 /* UIImage+OpenCV.h */ = {isa = PBXFileReference; fileEncoding = 4; lastKnownFileType = sourcecode.c.h; path = "UIImage+OpenCV.h"; sourceTree = "<group>"; };
		9FEFE07E1CA6FAE000F413B1 /* UIImage+OpenCV.mm */ = {isa = PBXFileReference; fileEncoding = 4; lastKnownFileType = sourcecode.cpp.objcpp; path = "UIImage+OpenCV.mm"; sourceTree = "<group>"; };
		9FEFE0811CA85DFB00F413B1 /* sunny3.jpeg */ = {isa = PBXFileReference; lastKnownFileType = image.jpeg; path = sunny3.jpeg; sourceTree = "<group>"; };
		9FEFE08B1CA98DC000F413B1 /* UIView+IBInspectable.h */ = {isa = PBXFileReference; fileEncoding = 4; lastKnownFileType = sourcecode.c.h; path = "UIView+IBInspectable.h"; sourceTree = "<group>"; };
		9FEFE08C1CA98DC000F413B1 /* UIView+IBInspectable.m */ = {isa = PBXFileReference; fileEncoding = 4; lastKnownFileType = sourcecode.c.objc; path = "UIView+IBInspectable.m"; sourceTree = "<group>"; };
		9FEFE0911CA98F9C00F413B1 /* en */ = {isa = PBXFileReference; lastKnownFileType = text.plist.strings; name = en; path = en.lproj/Localizable.strings; sourceTree = "<group>"; };
		9FEFE0931CA98FB300F413B1 /* ru */ = {isa = PBXFileReference; lastKnownFileType = text.plist.strings; name = ru; path = ru.lproj/Localizable.strings; sourceTree = "<group>"; };
		9FEFE0941CA990A900F413B1 /* PrefixHeader.pch */ = {isa = PBXFileReference; lastKnownFileType = sourcecode.c.h; path = PrefixHeader.pch; sourceTree = "<group>"; };
		9FEFE0951CA9947500F413B1 /* AMEventsHeader.h */ = {isa = PBXFileReference; fileEncoding = 4; lastKnownFileType = sourcecode.c.h; path = AMEventsHeader.h; sourceTree = "<group>"; };
		9FEFE0961CA9947500F413B1 /* AMEventsHeader.m */ = {isa = PBXFileReference; fileEncoding = 4; lastKnownFileType = sourcecode.c.objc; path = AMEventsHeader.m; sourceTree = "<group>"; };
		9FEFE0981CA9948300F413B1 /* AMEventsHeader.xib */ = {isa = PBXFileReference; fileEncoding = 4; lastKnownFileType = file.xib; path = AMEventsHeader.xib; sourceTree = "<group>"; };
		AD583DF034C7E9280CC9302B /* Pods-InTheSun.debug.xcconfig */ = {isa = PBXFileReference; includeInIndex = 1; lastKnownFileType = text.xcconfig; name = "Pods-InTheSun.debug.xcconfig"; path = "Pods/Target Support Files/Pods-InTheSun/Pods-InTheSun.debug.xcconfig"; sourceTree = "<group>"; };
		B10B75000799D04DC96EAE94 /* Pods-InTheSun.release.xcconfig */ = {isa = PBXFileReference; includeInIndex = 1; lastKnownFileType = text.xcconfig; name = "Pods-InTheSun.release.xcconfig"; path = "Pods/Target Support Files/Pods-InTheSun/Pods-InTheSun.release.xcconfig"; sourceTree = "<group>"; };
/* End PBXFileReference section */

/* Begin PBXFrameworksBuildPhase section */
		9FADBCCD1C65FBDC00562B13 /* Frameworks */ = {
			isa = PBXFrameworksBuildPhase;
			buildActionMask = 2147483647;
			files = (
				9FADBD061C66435000562B13 /* MediaPlayer.framework in Frameworks */,
				1AC443E731A5A284CD12BFA4 /* Pods_InTheSun.framework in Frameworks */,
			);
			runOnlyForDeploymentPostprocessing = 0;
		};
		9FADBCE91C65FBDC00562B13 /* Frameworks */ = {
			isa = PBXFrameworksBuildPhase;
			buildActionMask = 2147483647;
			files = (
			);
			runOnlyForDeploymentPostprocessing = 0;
		};
/* End PBXFrameworksBuildPhase section */

/* Begin PBXGroup section */
		2A1F9A940D21CB2BDBE5C6D6 /* Frameworks */ = {
			isa = PBXGroup;
			children = (
				08BA08A4973517418B0A2CFF /* Pods_InTheSun.framework */,
			);
			name = Frameworks;
			sourceTree = "<group>";
		};
		9F041A171C8C8C3D0092CBAC /* Common */ = {
			isa = PBXGroup;
			children = (
				9F8454F51C95C92300AA7B90 /* Music */,
				9F8454F11C95C5AE00AA7B90 /* Utils */,
				9F041A181C8C8C3D0092CBAC /* AlbumInfo */,
				9F041A1E1C8C8F0C0092CBAC /* Events */,
			);
			path = Common;
			sourceTree = "<group>";
		};
		9F041A181C8C8C3D0092CBAC /* AlbumInfo */ = {
			isa = PBXGroup;
			children = (
				9F041A191C8C8C580092CBAC /* AMAlbumInfoVC.h */,
				9F041A1A1C8C8C580092CBAC /* AMAlbumInfoVC.m */,
				9F041A1B1C8C8C580092CBAC /* AMAlbumInfoVC.xib */,
				9FEEC4AD1CBA71D400613361 /* AMAlbumInfoVC~ipad.xib */,
				9FEEC4991CB58EBD00613361 /* AMInfoItemCell.h */,
				9FEEC49A1CB58EBD00613361 /* AMInfoItemCell.m */,
				9FEEC49B1CB58EBD00613361 /* AMInfoItemCell.xib */,
				9FEEC49E1CB59E0C00613361 /* AMAlbumInfoItem.h */,
				9FEEC49F1CB59E0C00613361 /* AMAlbumInfoItem.m */,
				9FEEC4A51CB6CA4700613361 /* AMAlbumInfoItemsManager.h */,
				9FEEC4A61CB6CA4700613361 /* AMAlbumInfoItemsManager.m */,
			);
			path = AlbumInfo;
			sourceTree = "<group>";
		};
		9F041A1E1C8C8F0C0092CBAC /* Events */ = {
			isa = PBXGroup;
			children = (
				9F041A1F1C8C8F280092CBAC /* EventsVC.h */,
				9F041A201C8C8F280092CBAC /* EventsVC.m */,
				9F041A211C8C8F280092CBAC /* EventsVC.xib */,
				9F4BD27D1C944D13009E5DCC /* AMEventCell.h */,
				9F4BD27E1C944D13009E5DCC /* AMEventCell.m */,
				9F4BD27F1C944D13009E5DCC /* AMEventCell.xib */,
				9F4BD2821C945155009E5DCC /* AMEvent.h */,
				9F4BD2831C945155009E5DCC /* AMEvent.m */,
				9F8454EE1C94668300AA7B90 /* AMFacebookEventsHelper.h */,
				9F8454EF1C94668300AA7B90 /* AMFacebookEventsHelper.m */,
				9FEFE0951CA9947500F413B1 /* AMEventsHeader.h */,
				9FEFE0961CA9947500F413B1 /* AMEventsHeader.m */,
				9FEFE0981CA9948300F413B1 /* AMEventsHeader.xib */,
			);
			path = Events;
			sourceTree = "<group>";
		};
		9F81E0591C8B08B5003FA920 /* SoundClousFacade */ = {
			isa = PBXGroup;
			children = (
				9F81E05F1C8B0A37003FA920 /* InTheSun-Bridging-Header.h */,
				9F81E05B1C8B08D6003FA920 /* SoundCloudFacade.swift */,
			);
			path = SoundClousFacade;
			sourceTree = "<group>";
		};
		9F8454F11C95C5AE00AA7B90 /* Utils */ = {
			isa = PBXGroup;
			children = (
				9F8454F21C95C5BC00AA7B90 /* AMStringUtils.h */,
				9F8454F31C95C5BC00AA7B90 /* AMStringUtils.m */,
			);
			path = Utils;
			sourceTree = "<group>";
		};
		9F8454F51C95C92300AA7B90 /* Music */ = {
			isa = PBXGroup;
			children = (
				9FCE57DA1C98991D0080DC9B /* AMMusicViewController.swift */,
				9FCE57DB1C98991D0080DC9B /* AMMusicViewController.xib */,
				9F2DCBDD1CB159DC00F70799 /* AMMusicViewController~ipad.xib */,
				9F8454F61C95C94C00AA7B90 /* AMSongCell.swift */,
				9F8454F71C95C94C00AA7B90 /* AMSongCell.xib */,
				9FEEC4A81CBA50BA00613361 /* AMMusicFooterView.h */,
				9FEEC4A91CBA50BA00613361 /* AMMusicFooterView.m */,
				9FEEC4AB1CBA545000613361 /* AMMusicFooterView.xib */,
			);
			path = Music;
			sourceTree = "<group>";
		};
		9FADBCC71C65FBDC00562B13 = {
			isa = PBXGroup;
			children = (
				9FEFE0941CA990A900F413B1 /* PrefixHeader.pch */,
				9FADBD051C66435000562B13 /* MediaPlayer.framework */,
				9FADBCD21C65FBDC00562B13 /* InTheSun */,
				9FADBCEF1C65FBDC00562B13 /* InTheSunTests */,
				9FADBCD11C65FBDC00562B13 /* Products */,
				F339C9549E1BAD2A7DF0FA87 /* Pods */,
				2A1F9A940D21CB2BDBE5C6D6 /* Frameworks */,
			);
			sourceTree = "<group>";
		};
		9FADBCD11C65FBDC00562B13 /* Products */ = {
			isa = PBXGroup;
			children = (
				9FADBCD01C65FBDC00562B13 /* InTheSun.app */,
				9FADBCEC1C65FBDC00562B13 /* InTheSunTests.xctest */,
			);
			name = Products;
			sourceTree = "<group>";
		};
		9FADBCD21C65FBDC00562B13 /* InTheSun */ = {
			isa = PBXGroup;
			children = (
				9F1DED7E1CB00C8F0051A63F /* Defines.h */,
				9F1DED7F1CB00C8F0051A63F /* Defines.m */,
				9FEFE0891CA98DC000F413B1 /* Categories */,
				9FEFE04F1CA69D1A00F413B1 /* Resources */,
				9F041A171C8C8C3D0092CBAC /* Common */,
				9F81E0591C8B08B5003FA920 /* SoundClousFacade */,
				9FADBCD61C65FBDC00562B13 /* AppDelegate.h */,
				9FADBCD71C65FBDC00562B13 /* AppDelegate.m */,
				9FD4F6271C81CF39004A0734 /* AMTabMenuVC.h */,
				9FD4F6281C81CF39004A0734 /* AMTabMenuVC.m */,
				9FD4F6291C81CF39004A0734 /* AMTabMenuVC.xib */,
				9FADBCDC1C65FBDC00562B13 /* SecondViewController.h */,
				9FADBCDD1C65FBDC00562B13 /* SecondViewController.m */,
				9FD4F62E1C81EED8004A0734 /* SecondViewController.xib */,
				9FADBCE21C65FBDC00562B13 /* Assets.xcassets */,
				9FADBCE71C65FBDC00562B13 /* Info.plist */,
				9FADBD071C67B04C00562B13 /* ImageProcessor */,
				9FADBCFB1C6613E700562B13 /* BlockingScreen */,
				9FADBCD31C65FBDC00562B13 /* Supporting Files */,
			);
			path = InTheSun;
			sourceTree = "<group>";
		};
		9FADBCD31C65FBDC00562B13 /* Supporting Files */ = {
			isa = PBXGroup;
			children = (
				9FADBCD41C65FBDC00562B13 /* main.m */,
			);
			name = "Supporting Files";
			sourceTree = "<group>";
		};
		9FADBCEF1C65FBDC00562B13 /* InTheSunTests */ = {
			isa = PBXGroup;
			children = (
				9FBEFA9C1C69016F00821123 /* TestImages */,
				9FADBCF21C65FBDC00562B13 /* Info.plist */,
				9FBEFA9A1C69011100821123 /* AMImageProcessorTests.m */,
			);
			path = InTheSunTests;
			sourceTree = "<group>";
		};
		9FADBCFB1C6613E700562B13 /* BlockingScreen */ = {
			isa = PBXGroup;
			children = (
				9FADBCFC1C66141C00562B13 /* AMBlockingScreenVC.h */,
				9FADBCFD1C66141C00562B13 /* AMBlockingScreenVC.m */,
				9FADBCFE1C66141C00562B13 /* AMBlockingScreenVC.xib */,
			);
			path = BlockingScreen;
			sourceTree = "<group>";
		};
		9FADBD071C67B04C00562B13 /* ImageProcessor */ = {
			isa = PBXGroup;
			children = (
				9FEFE07B1CA6FAE000F413B1 /* OpenCVWrapper.h */,
				9FEFE07C1CA6FAE000F413B1 /* OpenCVWrapper.mm */,
				9FEFE07D1CA6FAE000F413B1 /* UIImage+OpenCV.h */,
				9FEFE07E1CA6FAE000F413B1 /* UIImage+OpenCV.mm */,
				9FADBD081C67B07E00562B13 /* AMImageProcessor.h */,
				9FADBD091C67B07E00562B13 /* AMImageProcessor.m */,
			);
			path = ImageProcessor;
			sourceTree = "<group>";
		};
		9FBEFA9C1C69016F00821123 /* TestImages */ = {
			isa = PBXGroup;
			children = (
				9FBEFA9D1C6901F000821123 /* dark1.jpeg */,
				9FBEFA9E1C6901F000821123 /* dark2.jpeg */,
				9FBEFA9F1C6901F000821123 /* sunny1.jpeg */,
				9FBEFAA01C6901F000821123 /* sunny2.jpeg */,
				9FEFE0811CA85DFB00F413B1 /* sunny3.jpeg */,
			);
			path = TestImages;
			sourceTree = "<group>";
		};
		9FEFE04F1CA69D1A00F413B1 /* Resources */ = {
			isa = PBXGroup;
			children = (
				9FEFE0541CA69D3D00F413B1 /* overlay.png */,
				9FEFE0921CA98F9C00F413B1 /* Localizable.strings */,
			);
			path = Resources;
			sourceTree = "<group>";
		};
		9FEFE0891CA98DC000F413B1 /* Categories */ = {
			isa = PBXGroup;
			children = (
				9FEFE08A1CA98DC000F413B1 /* UIView+Inspectable */,
			);
			path = Categories;
			sourceTree = "<group>";
		};
		9FEFE08A1CA98DC000F413B1 /* UIView+Inspectable */ = {
			isa = PBXGroup;
			children = (
				9FEFE08B1CA98DC000F413B1 /* UIView+IBInspectable.h */,
				9FEFE08C1CA98DC000F413B1 /* UIView+IBInspectable.m */,
			);
			path = "UIView+Inspectable";
			sourceTree = "<group>";
		};
		F339C9549E1BAD2A7DF0FA87 /* Pods */ = {
			isa = PBXGroup;
			children = (
				AD583DF034C7E9280CC9302B /* Pods-InTheSun.debug.xcconfig */,
				B10B75000799D04DC96EAE94 /* Pods-InTheSun.release.xcconfig */,
			);
			name = Pods;
			sourceTree = "<group>";
		};
/* End PBXGroup section */

/* Begin PBXNativeTarget section */
		9FADBCCF1C65FBDC00562B13 /* InTheSun */ = {
			isa = PBXNativeTarget;
			buildConfigurationList = 9FADBCF51C65FBDC00562B13 /* Build configuration list for PBXNativeTarget "InTheSun" */;
			buildPhases = (
				4F85096543DCE78D1777BB10 /* Check Pods Manifest.lock */,
				9FADBCCC1C65FBDC00562B13 /* Sources */,
				9FADBCCD1C65FBDC00562B13 /* Frameworks */,
				9FADBCCE1C65FBDC00562B13 /* Resources */,
				5EBD417DFF96AF1B8BCC41D6 /* Embed Pods Frameworks */,
				027DE3BA4370461DE9B5349C /* Copy Pods Resources */,
			);
			buildRules = (
			);
			dependencies = (
			);
			name = InTheSun;
			productName = InTheSun;
			productReference = 9FADBCD01C65FBDC00562B13 /* InTheSun.app */;
			productType = "com.apple.product-type.application";
		};
		9FADBCEB1C65FBDC00562B13 /* InTheSunTests */ = {
			isa = PBXNativeTarget;
			buildConfigurationList = 9FADBCF81C65FBDC00562B13 /* Build configuration list for PBXNativeTarget "InTheSunTests" */;
			buildPhases = (
				9FADBCE81C65FBDC00562B13 /* Sources */,
				9FADBCE91C65FBDC00562B13 /* Frameworks */,
				9FADBCEA1C65FBDC00562B13 /* Resources */,
			);
			buildRules = (
			);
			dependencies = (
				9FADBCEE1C65FBDC00562B13 /* PBXTargetDependency */,
			);
			name = InTheSunTests;
			productName = InTheSunTests;
			productReference = 9FADBCEC1C65FBDC00562B13 /* InTheSunTests.xctest */;
			productType = "com.apple.product-type.bundle.unit-test";
		};
/* End PBXNativeTarget section */

/* Begin PBXProject section */
		9FADBCC81C65FBDC00562B13 /* Project object */ = {
			isa = PBXProject;
			attributes = {
				LastUpgradeCheck = 0720;
				ORGANIZATIONNAME = "Anton Chebotov";
				TargetAttributes = {
					9FADBCCF1C65FBDC00562B13 = {
						CreatedOnToolsVersion = 7.2;
						DevelopmentTeam = C92M3ZV55X;
					};
					9FADBCEB1C65FBDC00562B13 = {
						CreatedOnToolsVersion = 7.2;
						TestTargetID = 9FADBCCF1C65FBDC00562B13;
					};
				};
			};
			buildConfigurationList = 9FADBCCB1C65FBDC00562B13 /* Build configuration list for PBXProject "InTheSun" */;
			compatibilityVersion = "Xcode 3.2";
			developmentRegion = English;
			hasScannedForEncodings = 0;
			knownRegions = (
				en,
				Base,
				ru,
			);
			mainGroup = 9FADBCC71C65FBDC00562B13;
			productRefGroup = 9FADBCD11C65FBDC00562B13 /* Products */;
			projectDirPath = "";
			projectRoot = "";
			targets = (
				9FADBCCF1C65FBDC00562B13 /* InTheSun */,
				9FADBCEB1C65FBDC00562B13 /* InTheSunTests */,
			);
		};
/* End PBXProject section */

/* Begin PBXResourcesBuildPhase section */
		9FADBCCE1C65FBDC00562B13 /* Resources */ = {
			isa = PBXResourcesBuildPhase;
			buildActionMask = 2147483647;
			files = (
				9FEFE0551CA69D3D00F413B1 /* overlay.png in Resources */,
				9FD4F62B1C81CF39004A0734 /* AMTabMenuVC.xib in Resources */,
				9FEFE0991CA9948300F413B1 /* AMEventsHeader.xib in Resources */,
				9F041A1D1C8C8C580092CBAC /* AMAlbumInfoVC.xib in Resources */,
				9FEEC49D1CB58EBD00613361 /* AMInfoItemCell.xib in Resources */,
				9FD4F62F1C81EED8004A0734 /* SecondViewController.xib in Resources */,
				9FCE57DD1C98991D0080DC9B /* AMMusicViewController.xib in Resources */,
				9FEEC4AE1CBA71D400613361 /* AMAlbumInfoVC~ipad.xib in Resources */,
				9F4BD2811C944D13009E5DCC /* AMEventCell.xib in Resources */,
				9F041A231C8C8F280092CBAC /* EventsVC.xib in Resources */,
				9F8454F91C95C94C00AA7B90 /* AMSongCell.xib in Resources */,
				9FEFE0901CA98F9C00F413B1 /* Localizable.strings in Resources */,
				9F2DCBDE1CB159DC00F70799 /* AMMusicViewController~ipad.xib in Resources */,
				9FADBCE31C65FBDC00562B13 /* Assets.xcassets in Resources */,
				9FADBD001C66141C00562B13 /* AMBlockingScreenVC.xib in Resources */,
				9FEEC4AC1CBA545000613361 /* AMMusicFooterView.xib in Resources */,
			);
			runOnlyForDeploymentPostprocessing = 0;
		};
		9FADBCEA1C65FBDC00562B13 /* Resources */ = {
			isa = PBXResourcesBuildPhase;
			buildActionMask = 2147483647;
			files = (
				9FEFE0821CA85DFB00F413B1 /* sunny3.jpeg in Resources */,
				9FBEFAA41C6901F000821123 /* sunny2.jpeg in Resources */,
				9FBEFAA21C6901F000821123 /* dark2.jpeg in Resources */,
				9FBEFAA11C6901F000821123 /* dark1.jpeg in Resources */,
				9FBEFAA31C6901F000821123 /* sunny1.jpeg in Resources */,
			);
			runOnlyForDeploymentPostprocessing = 0;
		};
/* End PBXResourcesBuildPhase section */

/* Begin PBXShellScriptBuildPhase section */
		027DE3BA4370461DE9B5349C /* Copy Pods Resources */ = {
			isa = PBXShellScriptBuildPhase;
			buildActionMask = 2147483647;
			files = (
			);
			inputPaths = (
			);
			name = "Copy Pods Resources";
			outputPaths = (
			);
			runOnlyForDeploymentPostprocessing = 0;
			shellPath = /bin/sh;
			shellScript = "\"${SRCROOT}/Pods/Target Support Files/Pods-InTheSun/Pods-InTheSun-resources.sh\"\n";
			showEnvVarsInLog = 0;
		};
		4F85096543DCE78D1777BB10 /* Check Pods Manifest.lock */ = {
			isa = PBXShellScriptBuildPhase;
			buildActionMask = 2147483647;
			files = (
			);
			inputPaths = (
			);
			name = "Check Pods Manifest.lock";
			outputPaths = (
			);
			runOnlyForDeploymentPostprocessing = 0;
			shellPath = /bin/sh;
			shellScript = "diff \"${PODS_ROOT}/../Podfile.lock\" \"${PODS_ROOT}/Manifest.lock\" > /dev/null\nif [[ $? != 0 ]] ; then\n    cat << EOM\nerror: The sandbox is not in sync with the Podfile.lock. Run 'pod install' or update your CocoaPods installation.\nEOM\n    exit 1\nfi\n";
			showEnvVarsInLog = 0;
		};
		5EBD417DFF96AF1B8BCC41D6 /* Embed Pods Frameworks */ = {
			isa = PBXShellScriptBuildPhase;
			buildActionMask = 2147483647;
			files = (
			);
			inputPaths = (
			);
			name = "Embed Pods Frameworks";
			outputPaths = (
			);
			runOnlyForDeploymentPostprocessing = 0;
			shellPath = /bin/sh;
			shellScript = "\"${SRCROOT}/Pods/Target Support Files/Pods-InTheSun/Pods-InTheSun-frameworks.sh\"\n";
			showEnvVarsInLog = 0;
		};
/* End PBXShellScriptBuildPhase section */

/* Begin PBXSourcesBuildPhase section */
		9FADBCCC1C65FBDC00562B13 /* Sources */ = {
			isa = PBXSourcesBuildPhase;
			buildActionMask = 2147483647;
			files = (
				9FADBCDE1C65FBDC00562B13 /* SecondViewController.m in Sources */,
				9FADBCD81C65FBDC00562B13 /* AppDelegate.m in Sources */,
				9FEEC4A01CB59E0C00613361 /* AMAlbumInfoItem.m in Sources */,
				9FADBCFF1C66141C00562B13 /* AMBlockingScreenVC.m in Sources */,
				9FEEC4A71CB6CA4700613361 /* AMAlbumInfoItemsManager.m in Sources */,
				9F041A221C8C8F280092CBAC /* EventsVC.m in Sources */,
				9FEFE07F1CA6FAE000F413B1 /* OpenCVWrapper.mm in Sources */,
				9FEEC4AA1CBA50BA00613361 /* AMMusicFooterView.m in Sources */,
				9F8454F41C95C5BC00AA7B90 /* AMStringUtils.m in Sources */,
				9FEFE08D1CA98DC000F413B1 /* UIView+IBInspectable.m in Sources */,
				9F8454F01C94668300AA7B90 /* AMFacebookEventsHelper.m in Sources */,
				9F4BD2841C945155009E5DCC /* AMEvent.m in Sources */,
				9FADBD0A1C67B07E00562B13 /* AMImageProcessor.m in Sources */,
				9F041A1C1C8C8C580092CBAC /* AMAlbumInfoVC.m in Sources */,
				9FEEC49C1CB58EBD00613361 /* AMInfoItemCell.m in Sources */,
				9FCE57DC1C98991D0080DC9B /* AMMusicViewController.swift in Sources */,
				9F8454F81C95C94C00AA7B90 /* AMSongCell.swift in Sources */,
				9FEFE0971CA9947500F413B1 /* AMEventsHeader.m in Sources */,
				9F1DED801CB00C8F0051A63F /* Defines.m in Sources */,
				9F81E05C1C8B08D6003FA920 /* SoundCloudFacade.swift in Sources */,
				9FEFE0801CA6FAE000F413B1 /* UIImage+OpenCV.mm in Sources */,
				9FD4F62A1C81CF39004A0734 /* AMTabMenuVC.m in Sources */,
				9F4BD2801C944D13009E5DCC /* AMEventCell.m in Sources */,
				9FADBCD51C65FBDC00562B13 /* main.m in Sources */,
			);
			runOnlyForDeploymentPostprocessing = 0;
		};
		9FADBCE81C65FBDC00562B13 /* Sources */ = {
			isa = PBXSourcesBuildPhase;
			buildActionMask = 2147483647;
			files = (
				9FBEFA9B1C69011100821123 /* AMImageProcessorTests.m in Sources */,
			);
			runOnlyForDeploymentPostprocessing = 0;
		};
/* End PBXSourcesBuildPhase section */

/* Begin PBXTargetDependency section */
		9FADBCEE1C65FBDC00562B13 /* PBXTargetDependency */ = {
			isa = PBXTargetDependency;
			target = 9FADBCCF1C65FBDC00562B13 /* InTheSun */;
			targetProxy = 9FADBCED1C65FBDC00562B13 /* PBXContainerItemProxy */;
		};
/* End PBXTargetDependency section */

/* Begin PBXVariantGroup section */
		9FEFE0921CA98F9C00F413B1 /* Localizable.strings */ = {
			isa = PBXVariantGroup;
			children = (
				9FEFE0911CA98F9C00F413B1 /* en */,
				9FEFE0931CA98FB300F413B1 /* ru */,
			);
			name = Localizable.strings;
			sourceTree = "<group>";
		};
/* End PBXVariantGroup section */

/* Begin XCBuildConfiguration section */
		9FADBCF31C65FBDC00562B13 /* Debug */ = {
			isa = XCBuildConfiguration;
			buildSettings = {
				ALWAYS_SEARCH_USER_PATHS = NO;
				CLANG_CXX_LANGUAGE_STANDARD = "gnu++0x";
				CLANG_CXX_LIBRARY = "libc++";
				CLANG_ENABLE_MODULES = YES;
				CLANG_ENABLE_OBJC_ARC = YES;
				CLANG_WARN_BOOL_CONVERSION = YES;
				CLANG_WARN_CONSTANT_CONVERSION = YES;
				CLANG_WARN_DIRECT_OBJC_ISA_USAGE = YES_ERROR;
				CLANG_WARN_EMPTY_BODY = YES;
				CLANG_WARN_ENUM_CONVERSION = YES;
				CLANG_WARN_INT_CONVERSION = YES;
				CLANG_WARN_OBJC_ROOT_CLASS = YES_ERROR;
				CLANG_WARN_UNREACHABLE_CODE = YES;
				CLANG_WARN__DUPLICATE_METHOD_MATCH = YES;
				"CODE_SIGN_IDENTITY[sdk=iphoneos*]" = "iPhone Developer";
				COPY_PHASE_STRIP = NO;
				DEBUG_INFORMATION_FORMAT = dwarf;
				ENABLE_BITCODE = NO;
				ENABLE_STRICT_OBJC_MSGSEND = YES;
				ENABLE_TESTABILITY = YES;
				GCC_C_LANGUAGE_STANDARD = gnu99;
				GCC_DYNAMIC_NO_PIC = NO;
				GCC_NO_COMMON_BLOCKS = YES;
				GCC_OPTIMIZATION_LEVEL = 0;
				GCC_PREPROCESSOR_DEFINITIONS = (
					"DEBUG=1",
					"$(inherited)",
				);
				GCC_WARN_64_TO_32_BIT_CONVERSION = YES;
				GCC_WARN_ABOUT_RETURN_TYPE = YES_ERROR;
				GCC_WARN_UNDECLARED_SELECTOR = YES;
				GCC_WARN_UNINITIALIZED_AUTOS = YES_AGGRESSIVE;
				GCC_WARN_UNUSED_FUNCTION = YES;
				GCC_WARN_UNUSED_VARIABLE = YES;
				IPHONEOS_DEPLOYMENT_TARGET = 9.2;
				MTL_ENABLE_DEBUG_INFO = YES;
				ONLY_ACTIVE_ARCH = YES;
				SDKROOT = iphoneos;
				TARGETED_DEVICE_FAMILY = "1,2";
			};
			name = Debug;
		};
		9FADBCF41C65FBDC00562B13 /* Release */ = {
			isa = XCBuildConfiguration;
			buildSettings = {
				ALWAYS_SEARCH_USER_PATHS = NO;
				CLANG_CXX_LANGUAGE_STANDARD = "gnu++0x";
				CLANG_CXX_LIBRARY = "libc++";
				CLANG_ENABLE_MODULES = YES;
				CLANG_ENABLE_OBJC_ARC = YES;
				CLANG_WARN_BOOL_CONVERSION = YES;
				CLANG_WARN_CONSTANT_CONVERSION = YES;
				CLANG_WARN_DIRECT_OBJC_ISA_USAGE = YES_ERROR;
				CLANG_WARN_EMPTY_BODY = YES;
				CLANG_WARN_ENUM_CONVERSION = YES;
				CLANG_WARN_INT_CONVERSION = YES;
				CLANG_WARN_OBJC_ROOT_CLASS = YES_ERROR;
				CLANG_WARN_UNREACHABLE_CODE = YES;
				CLANG_WARN__DUPLICATE_METHOD_MATCH = YES;
				"CODE_SIGN_IDENTITY[sdk=iphoneos*]" = "iPhone Developer";
				COPY_PHASE_STRIP = NO;
				DEBUG_INFORMATION_FORMAT = "dwarf-with-dsym";
				ENABLE_BITCODE = NO;
				ENABLE_NS_ASSERTIONS = NO;
				ENABLE_STRICT_OBJC_MSGSEND = YES;
				GCC_C_LANGUAGE_STANDARD = gnu99;
				GCC_NO_COMMON_BLOCKS = YES;
				GCC_WARN_64_TO_32_BIT_CONVERSION = YES;
				GCC_WARN_ABOUT_RETURN_TYPE = YES_ERROR;
				GCC_WARN_UNDECLARED_SELECTOR = YES;
				GCC_WARN_UNINITIALIZED_AUTOS = YES_AGGRESSIVE;
				GCC_WARN_UNUSED_FUNCTION = YES;
				GCC_WARN_UNUSED_VARIABLE = YES;
				IPHONEOS_DEPLOYMENT_TARGET = 9.2;
				MTL_ENABLE_DEBUG_INFO = NO;
				SDKROOT = iphoneos;
				TARGETED_DEVICE_FAMILY = "1,2";
				VALIDATE_PRODUCT = YES;
			};
			name = Release;
		};
		9FADBCF61C65FBDC00562B13 /* Debug */ = {
			isa = XCBuildConfiguration;
			baseConfigurationReference = AD583DF034C7E9280CC9302B /* Pods-InTheSun.debug.xcconfig */;
			buildSettings = {
				ASSETCATALOG_COMPILER_APPICON_NAME = AppIcon;
				ASSETCATALOG_COMPILER_LAUNCHIMAGE_NAME = SplashScreen;
				CLANG_ENABLE_MODULES = YES;
				CODE_SIGN_IDENTITY = "iPhone Developer";
				GCC_PREFIX_HEADER = PrefixHeader.pch;
				INFOPLIST_FILE = InTheSun/Info.plist;
				IPHONEOS_DEPLOYMENT_TARGET = 8.0;
				LD_RUNPATH_SEARCH_PATHS = "$(inherited) @executable_path/Frameworks";
				PRODUCT_BUNDLE_IDENTIFIER = com.InTheSun;
				PRODUCT_NAME = "$(TARGET_NAME)";
				SWIFT_OBJC_BRIDGING_HEADER = "InTheSun/SoundClousFacade/InTheSun-Bridging-Header.h";
				SWIFT_OPTIMIZATION_LEVEL = "-Onone";
			};
			name = Debug;
		};
		9FADBCF71C65FBDC00562B13 /* Release */ = {
			isa = XCBuildConfiguration;
			baseConfigurationReference = B10B75000799D04DC96EAE94 /* Pods-InTheSun.release.xcconfig */;
			buildSettings = {
				ASSETCATALOG_COMPILER_APPICON_NAME = AppIcon;
				ASSETCATALOG_COMPILER_LAUNCHIMAGE_NAME = SplashScreen;
				CLANG_ENABLE_MODULES = YES;
				CODE_SIGN_IDENTITY = "iPhone Developer";
				GCC_PREFIX_HEADER = PrefixHeader.pch;
				INFOPLIST_FILE = InTheSun/Info.plist;
				IPHONEOS_DEPLOYMENT_TARGET = 8.0;
				LD_RUNPATH_SEARCH_PATHS = "$(inherited) @executable_path/Frameworks";
				PRODUCT_BUNDLE_IDENTIFIER = com.InTheSun;
				PRODUCT_NAME = "$(TARGET_NAME)";
				SWIFT_OBJC_BRIDGING_HEADER = "InTheSun/SoundClousFacade/InTheSun-Bridging-Header.h";
			};
			name = Release;
		};
		9FADBCF91C65FBDC00562B13 /* Debug */ = {
			isa = XCBuildConfiguration;
			buildSettings = {
				BUNDLE_LOADER = "$(TEST_HOST)";
				INFOPLIST_FILE = InTheSunTests/Info.plist;
				LD_RUNPATH_SEARCH_PATHS = "$(inherited) @executable_path/Frameworks @loader_path/Frameworks";
				PRODUCT_BUNDLE_IDENTIFIER = com.InTheSunTests;
				PRODUCT_NAME = "$(TARGET_NAME)";
				TEST_HOST = "$(BUILT_PRODUCTS_DIR)/InTheSun.app/InTheSun";
			};
			name = Debug;
		};
		9FADBCFA1C65FBDC00562B13 /* Release */ = {
			isa = XCBuildConfiguration;
			buildSettings = {
				BUNDLE_LOADER = "$(TEST_HOST)";
				INFOPLIST_FILE = InTheSunTests/Info.plist;
				LD_RUNPATH_SEARCH_PATHS = "$(inherited) @executable_path/Frameworks @loader_path/Frameworks";
				PRODUCT_BUNDLE_IDENTIFIER = com.InTheSunTests;
				PRODUCT_NAME = "$(TARGET_NAME)";
				TEST_HOST = "$(BUILT_PRODUCTS_DIR)/InTheSun.app/InTheSun";
			};
			name = Release;
		};
/* End XCBuildConfiguration section */

/* Begin XCConfigurationList section */
		9FADBCCB1C65FBDC00562B13 /* Build configuration list for PBXProject "InTheSun" */ = {
			isa = XCConfigurationList;
			buildConfigurations = (
				9FADBCF31C65FBDC00562B13 /* Debug */,
				9FADBCF41C65FBDC00562B13 /* Release */,
			);
			defaultConfigurationIsVisible = 0;
			defaultConfigurationName = Release;
		};
		9FADBCF51C65FBDC00562B13 /* Build configuration list for PBXNativeTarget "InTheSun" */ = {
			isa = XCConfigurationList;
			buildConfigurations = (
				9FADBCF61C65FBDC00562B13 /* Debug */,
				9FADBCF71C65FBDC00562B13 /* Release */,
			);
			defaultConfigurationIsVisible = 0;
			defaultConfigurationName = Release;
		};
		9FADBCF81C65FBDC00562B13 /* Build configuration list for PBXNativeTarget "InTheSunTests" */ = {
			isa = XCConfigurationList;
			buildConfigurations = (
				9FADBCF91C65FBDC00562B13 /* Debug */,
				9FADBCFA1C65FBDC00562B13 /* Release */,
			);
			defaultConfigurationIsVisible = 0;
			defaultConfigurationName = Release;
		};
/* End XCConfigurationList section */
	};
	rootObject = 9FADBCC81C65FBDC00562B13 /* Project object */;
}
